// !$*UTF8*$!
{
	archiveVersion = 1;
	classes = {
	};
	objectVersion = 48;
	objects = {

/* Begin PBXBuildFile section */
		67BDA260E8EEDA62A4A13F38 /* Pods_ProficiencyTestUITests.framework in Frameworks */ = {isa = PBXBuildFile; fileRef = B49FEF61DA6203FB6044ACE0 /* Pods_ProficiencyTestUITests.framework */; };
		BF6B07ADF62B53E633D7A61A /* Pods_ProficiencyTestTests.framework in Frameworks */ = {isa = PBXBuildFile; fileRef = 95EBDB90A862075D14E54CBB /* Pods_ProficiencyTestTests.framework */; };
		C3BB18EE20DA1F080004A3B4 /* AppDelegate.swift in Sources */ = {isa = PBXBuildFile; fileRef = C3BB18ED20DA1F080004A3B4 /* AppDelegate.swift */; };
		C3BB18F020DA1F080004A3B4 /* CountryFactsViewController.swift in Sources */ = {isa = PBXBuildFile; fileRef = C3BB18EF20DA1F080004A3B4 /* CountryFactsViewController.swift */; };
		C3BB18F520DA1F080004A3B4 /* Assets.xcassets in Resources */ = {isa = PBXBuildFile; fileRef = C3BB18F420DA1F080004A3B4 /* Assets.xcassets */; };
		C3BB190320DA1F080004A3B4 /* ProficiencyTestTests.swift in Sources */ = {isa = PBXBuildFile; fileRef = C3BB190220DA1F080004A3B4 /* ProficiencyTestTests.swift */; };
		C3BB190E20DA1F080004A3B4 /* ProficiencyTestUITests.swift in Sources */ = {isa = PBXBuildFile; fileRef = C3BB190D20DA1F080004A3B4 /* ProficiencyTestUITests.swift */; };
		C3BB192120DA2B940004A3B4 /* Fact.swift in Sources */ = {isa = PBXBuildFile; fileRef = C3BB192020DA2B940004A3B4 /* Fact.swift */; };
		C3BB192320DA324F0004A3B4 /* Constants.swift in Sources */ = {isa = PBXBuildFile; fileRef = C3BB192220DA324F0004A3B4 /* Constants.swift */; };
		C3BB192520DA32610004A3B4 /* Utility.swift in Sources */ = {isa = PBXBuildFile; fileRef = C3BB192420DA32610004A3B4 /* Utility.swift */; };
		C3BB192720DA32770004A3B4 /* NetworkManager.swift in Sources */ = {isa = PBXBuildFile; fileRef = C3BB192620DA32770004A3B4 /* NetworkManager.swift */; };
		C3BB192920DA329E0004A3B4 /* CountryFacts.swift in Sources */ = {isa = PBXBuildFile; fileRef = C3BB192820DA329E0004A3B4 /* CountryFacts.swift */; };
		CB12D8B646C96F5123E303FE /* Pods_ProficiencyTest.framework in Frameworks */ = {isa = PBXBuildFile; fileRef = 8DCCEB2492BFB8AF10C5E0AC /* Pods_ProficiencyTest.framework */; };
/* End PBXBuildFile section */

/* Begin PBXContainerItemProxy section */
		C3BB18FF20DA1F080004A3B4 /* PBXContainerItemProxy */ = {
			isa = PBXContainerItemProxy;
			containerPortal = C3BB18E220DA1F080004A3B4 /* Project object */;
			proxyType = 1;
			remoteGlobalIDString = C3BB18E920DA1F080004A3B4;
			remoteInfo = ProficiencyTest;
		};
		C3BB190A20DA1F080004A3B4 /* PBXContainerItemProxy */ = {
			isa = PBXContainerItemProxy;
			containerPortal = C3BB18E220DA1F080004A3B4 /* Project object */;
			proxyType = 1;
			remoteGlobalIDString = C3BB18E920DA1F080004A3B4;
			remoteInfo = ProficiencyTest;
		};
/* End PBXContainerItemProxy section */

/* Begin PBXFileReference section */
		2986AE464C16D3F2282B1CFC /* Pods-ProficiencyTest.debug.xcconfig */ = {isa = PBXFileReference; includeInIndex = 1; lastKnownFileType = text.xcconfig; name = "Pods-ProficiencyTest.debug.xcconfig"; path = "Pods/Target Support Files/Pods-ProficiencyTest/Pods-ProficiencyTest.debug.xcconfig"; sourceTree = "<group>"; };
		3F02401689B2025927CAB60A /* Pods-ProficiencyTest.release.xcconfig */ = {isa = PBXFileReference; includeInIndex = 1; lastKnownFileType = text.xcconfig; name = "Pods-ProficiencyTest.release.xcconfig"; path = "Pods/Target Support Files/Pods-ProficiencyTest/Pods-ProficiencyTest.release.xcconfig"; sourceTree = "<group>"; };
		45D9BA5015F7B01D1527F149 /* Pods-ProficiencyTestUITests.debug.xcconfig */ = {isa = PBXFileReference; includeInIndex = 1; lastKnownFileType = text.xcconfig; name = "Pods-ProficiencyTestUITests.debug.xcconfig"; path = "Pods/Target Support Files/Pods-ProficiencyTestUITests/Pods-ProficiencyTestUITests.debug.xcconfig"; sourceTree = "<group>"; };
		625BAE3254807A98407089A2 /* Pods-ProficiencyTestTests.release.xcconfig */ = {isa = PBXFileReference; includeInIndex = 1; lastKnownFileType = text.xcconfig; name = "Pods-ProficiencyTestTests.release.xcconfig"; path = "Pods/Target Support Files/Pods-ProficiencyTestTests/Pods-ProficiencyTestTests.release.xcconfig"; sourceTree = "<group>"; };
		75F1245AA4BE211A4825E65D /* Pods-ProficiencyTestUITests.release.xcconfig */ = {isa = PBXFileReference; includeInIndex = 1; lastKnownFileType = text.xcconfig; name = "Pods-ProficiencyTestUITests.release.xcconfig"; path = "Pods/Target Support Files/Pods-ProficiencyTestUITests/Pods-ProficiencyTestUITests.release.xcconfig"; sourceTree = "<group>"; };
		8DCCEB2492BFB8AF10C5E0AC /* Pods_ProficiencyTest.framework */ = {isa = PBXFileReference; explicitFileType = wrapper.framework; includeInIndex = 0; path = Pods_ProficiencyTest.framework; sourceTree = BUILT_PRODUCTS_DIR; };
		95EBDB90A862075D14E54CBB /* Pods_ProficiencyTestTests.framework */ = {isa = PBXFileReference; explicitFileType = wrapper.framework; includeInIndex = 0; path = Pods_ProficiencyTestTests.framework; sourceTree = BUILT_PRODUCTS_DIR; };
		A31CB0630356F8A435C54EED /* Pods-ProficiencyTestTests.debug.xcconfig */ = {isa = PBXFileReference; includeInIndex = 1; lastKnownFileType = text.xcconfig; name = "Pods-ProficiencyTestTests.debug.xcconfig"; path = "Pods/Target Support Files/Pods-ProficiencyTestTests/Pods-ProficiencyTestTests.debug.xcconfig"; sourceTree = "<group>"; };
		B49FEF61DA6203FB6044ACE0 /* Pods_ProficiencyTestUITests.framework */ = {isa = PBXFileReference; explicitFileType = wrapper.framework; includeInIndex = 0; path = Pods_ProficiencyTestUITests.framework; sourceTree = BUILT_PRODUCTS_DIR; };
		C3BB18EA20DA1F080004A3B4 /* ProficiencyTest.app */ = {isa = PBXFileReference; explicitFileType = wrapper.application; includeInIndex = 0; path = ProficiencyTest.app; sourceTree = BUILT_PRODUCTS_DIR; };
		C3BB18ED20DA1F080004A3B4 /* AppDelegate.swift */ = {isa = PBXFileReference; lastKnownFileType = sourcecode.swift; path = AppDelegate.swift; sourceTree = "<group>"; };
		C3BB18EF20DA1F080004A3B4 /* CountryFactsViewController.swift */ = {isa = PBXFileReference; lastKnownFileType = sourcecode.swift; path = CountryFactsViewController.swift; sourceTree = "<group>"; };
		C3BB18F420DA1F080004A3B4 /* Assets.xcassets */ = {isa = PBXFileReference; lastKnownFileType = folder.assetcatalog; path = Assets.xcassets; sourceTree = "<group>"; };
		C3BB18F920DA1F080004A3B4 /* Info.plist */ = {isa = PBXFileReference; lastKnownFileType = text.plist.xml; path = Info.plist; sourceTree = "<group>"; };
		C3BB18FE20DA1F080004A3B4 /* ProficiencyTestTests.xctest */ = {isa = PBXFileReference; explicitFileType = wrapper.cfbundle; includeInIndex = 0; path = ProficiencyTestTests.xctest; sourceTree = BUILT_PRODUCTS_DIR; };
		C3BB190220DA1F080004A3B4 /* ProficiencyTestTests.swift */ = {isa = PBXFileReference; lastKnownFileType = sourcecode.swift; path = ProficiencyTestTests.swift; sourceTree = "<group>"; };
		C3BB190420DA1F080004A3B4 /* Info.plist */ = {isa = PBXFileReference; lastKnownFileType = text.plist.xml; path = Info.plist; sourceTree = "<group>"; };
		C3BB190920DA1F080004A3B4 /* ProficiencyTestUITests.xctest */ = {isa = PBXFileReference; explicitFileType = wrapper.cfbundle; includeInIndex = 0; path = ProficiencyTestUITests.xctest; sourceTree = BUILT_PRODUCTS_DIR; };
		C3BB190D20DA1F080004A3B4 /* ProficiencyTestUITests.swift */ = {isa = PBXFileReference; lastKnownFileType = sourcecode.swift; path = ProficiencyTestUITests.swift; sourceTree = "<group>"; };
		C3BB190F20DA1F080004A3B4 /* Info.plist */ = {isa = PBXFileReference; lastKnownFileType = text.plist.xml; path = Info.plist; sourceTree = "<group>"; };
		C3BB192020DA2B940004A3B4 /* Fact.swift */ = {isa = PBXFileReference; lastKnownFileType = sourcecode.swift; path = Fact.swift; sourceTree = "<group>"; };
		C3BB192220DA324F0004A3B4 /* Constants.swift */ = {isa = PBXFileReference; lastKnownFileType = sourcecode.swift; path = Constants.swift; sourceTree = "<group>"; };
		C3BB192420DA32610004A3B4 /* Utility.swift */ = {isa = PBXFileReference; lastKnownFileType = sourcecode.swift; path = Utility.swift; sourceTree = "<group>"; };
		C3BB192620DA32770004A3B4 /* NetworkManager.swift */ = {isa = PBXFileReference; lastKnownFileType = sourcecode.swift; path = NetworkManager.swift; sourceTree = "<group>"; };
		C3BB192820DA329E0004A3B4 /* CountryFacts.swift */ = {isa = PBXFileReference; lastKnownFileType = sourcecode.swift; path = CountryFacts.swift; sourceTree = "<group>"; };
/* End PBXFileReference section */

/* Begin PBXFrameworksBuildPhase section */
		C3BB18E720DA1F080004A3B4 /* Frameworks */ = {
			isa = PBXFrameworksBuildPhase;
			buildActionMask = 2147483647;
			files = (
				CB12D8B646C96F5123E303FE /* Pods_ProficiencyTest.framework in Frameworks */,
			);
			runOnlyForDeploymentPostprocessing = 0;
		};
		C3BB18FB20DA1F080004A3B4 /* Frameworks */ = {
			isa = PBXFrameworksBuildPhase;
			buildActionMask = 2147483647;
			files = (
				BF6B07ADF62B53E633D7A61A /* Pods_ProficiencyTestTests.framework in Frameworks */,
			);
			runOnlyForDeploymentPostprocessing = 0;
		};
		C3BB190620DA1F080004A3B4 /* Frameworks */ = {
			isa = PBXFrameworksBuildPhase;
			buildActionMask = 2147483647;
			files = (
				67BDA260E8EEDA62A4A13F38 /* Pods_ProficiencyTestUITests.framework in Frameworks */,
			);
			runOnlyForDeploymentPostprocessing = 0;
		};
/* End PBXFrameworksBuildPhase section */

/* Begin PBXGroup section */
		7F090DE6CA52E27BC361D7B5 /* Pods */ = {
			isa = PBXGroup;
			children = (
				2986AE464C16D3F2282B1CFC /* Pods-ProficiencyTest.debug.xcconfig */,
				3F02401689B2025927CAB60A /* Pods-ProficiencyTest.release.xcconfig */,
				A31CB0630356F8A435C54EED /* Pods-ProficiencyTestTests.debug.xcconfig */,
				625BAE3254807A98407089A2 /* Pods-ProficiencyTestTests.release.xcconfig */,
				45D9BA5015F7B01D1527F149 /* Pods-ProficiencyTestUITests.debug.xcconfig */,
				75F1245AA4BE211A4825E65D /* Pods-ProficiencyTestUITests.release.xcconfig */,
			);
			name = Pods;
			sourceTree = "<group>";
		};
		804BF0C3ABACC66D06F97AEC /* Frameworks */ = {
			isa = PBXGroup;
			children = (
				8DCCEB2492BFB8AF10C5E0AC /* Pods_ProficiencyTest.framework */,
				95EBDB90A862075D14E54CBB /* Pods_ProficiencyTestTests.framework */,
				B49FEF61DA6203FB6044ACE0 /* Pods_ProficiencyTestUITests.framework */,
			);
			name = Frameworks;
			sourceTree = "<group>";
		};
		C3BB18E120DA1F080004A3B4 = {
			isa = PBXGroup;
			children = (
				C3BB18EC20DA1F080004A3B4 /* ProficiencyTest */,
				C3BB190120DA1F080004A3B4 /* ProficiencyTestTests */,
				C3BB190C20DA1F080004A3B4 /* ProficiencyTestUITests */,
				C3BB18EB20DA1F080004A3B4 /* Products */,
				7F090DE6CA52E27BC361D7B5 /* Pods */,
				804BF0C3ABACC66D06F97AEC /* Frameworks */,
			);
			sourceTree = "<group>";
		};
		C3BB18EB20DA1F080004A3B4 /* Products */ = {
			isa = PBXGroup;
			children = (
				C3BB18EA20DA1F080004A3B4 /* ProficiencyTest.app */,
				C3BB18FE20DA1F080004A3B4 /* ProficiencyTestTests.xctest */,
				C3BB190920DA1F080004A3B4 /* ProficiencyTestUITests.xctest */,
			);
			name = Products;
			sourceTree = "<group>";
		};
		C3BB18EC20DA1F080004A3B4 /* ProficiencyTest */ = {
			isa = PBXGroup;
			children = (
				C3BB18ED20DA1F080004A3B4 /* AppDelegate.swift */,
				C3BB191C20DA21850004A3B4 /* Models */,
				C3BB191D20DA219A0004A3B4 /* Views */,
				C3BB191B20DA21630004A3B4 /* Controllers */,
				C3BB191F20DA22B10004A3B4 /* Utils */,
				C3BB18F420DA1F080004A3B4 /* Assets.xcassets */,
				C3BB18F920DA1F080004A3B4 /* Info.plist */,
			);
			path = ProficiencyTest;
			sourceTree = "<group>";
		};
		C3BB190120DA1F080004A3B4 /* ProficiencyTestTests */ = {
			isa = PBXGroup;
			children = (
				C3BB190220DA1F080004A3B4 /* ProficiencyTestTests.swift */,
				C3BB190420DA1F080004A3B4 /* Info.plist */,
			);
			path = ProficiencyTestTests;
			sourceTree = "<group>";
		};
		C3BB190C20DA1F080004A3B4 /* ProficiencyTestUITests */ = {
			isa = PBXGroup;
			children = (
				C3BB190D20DA1F080004A3B4 /* ProficiencyTestUITests.swift */,
				C3BB190F20DA1F080004A3B4 /* Info.plist */,
			);
			path = ProficiencyTestUITests;
			sourceTree = "<group>";
		};
		C3BB191B20DA21630004A3B4 /* Controllers */ = {
			isa = PBXGroup;
			children = (
				C3BB18EF20DA1F080004A3B4 /* CountryFactsViewController.swift */,
			);
			path = Controllers;
			sourceTree = "<group>";
		};
		C3BB191C20DA21850004A3B4 /* Models */ = {
			isa = PBXGroup;
			children = (
				C3BB192020DA2B940004A3B4 /* Fact.swift */,
				C3BB192820DA329E0004A3B4 /* CountryFacts.swift */,
			);
			path = Models;
			sourceTree = "<group>";
		};
		C3BB191D20DA219A0004A3B4 /* Views */ = {
			isa = PBXGroup;
			children = (
				C3BB191E20DA21A30004A3B4 /* CustomCells */,
			);
			path = Views;
			sourceTree = "<group>";
		};
		C3BB191E20DA21A30004A3B4 /* CustomCells */ = {
			isa = PBXGroup;
			children = (
			);
			path = CustomCells;
			sourceTree = "<group>";
		};
		C3BB191F20DA22B10004A3B4 /* Utils */ = {
			isa = PBXGroup;
			children = (
				C3BB192220DA324F0004A3B4 /* Constants.swift */,
				C3BB192420DA32610004A3B4 /* Utility.swift */,
				C3BB192620DA32770004A3B4 /* NetworkManager.swift */,
			);
			path = Utils;
			sourceTree = "<group>";
		};
/* End PBXGroup section */

/* Begin PBXNativeTarget section */
		C3BB18E920DA1F080004A3B4 /* ProficiencyTest */ = {
			isa = PBXNativeTarget;
			buildConfigurationList = C3BB191220DA1F080004A3B4 /* Build configuration list for PBXNativeTarget "ProficiencyTest" */;
			buildPhases = (
				FBD1FAB07D2DCB30023934E0 /* [CP] Check Pods Manifest.lock */,
				C3BB18E620DA1F080004A3B4 /* Sources */,
				C3BB18E720DA1F080004A3B4 /* Frameworks */,
				C3BB18E820DA1F080004A3B4 /* Resources */,
				2EF5965E61305FABD7177FEA /* [CP] Embed Pods Frameworks */,
			);
			buildRules = (
			);
			dependencies = (
			);
			name = ProficiencyTest;
			productName = ProficiencyTest;
			productReference = C3BB18EA20DA1F080004A3B4 /* ProficiencyTest.app */;
			productType = "com.apple.product-type.application";
		};
		C3BB18FD20DA1F080004A3B4 /* ProficiencyTestTests */ = {
			isa = PBXNativeTarget;
			buildConfigurationList = C3BB191520DA1F080004A3B4 /* Build configuration list for PBXNativeTarget "ProficiencyTestTests" */;
			buildPhases = (
				21E9F24EE4F78A1EDC83A81E /* [CP] Check Pods Manifest.lock */,
				C3BB18FA20DA1F080004A3B4 /* Sources */,
				C3BB18FB20DA1F080004A3B4 /* Frameworks */,
				C3BB18FC20DA1F080004A3B4 /* Resources */,
			);
			buildRules = (
			);
			dependencies = (
				C3BB190020DA1F080004A3B4 /* PBXTargetDependency */,
			);
			name = ProficiencyTestTests;
			productName = ProficiencyTestTests;
			productReference = C3BB18FE20DA1F080004A3B4 /* ProficiencyTestTests.xctest */;
			productType = "com.apple.product-type.bundle.unit-test";
		};
		C3BB190820DA1F080004A3B4 /* ProficiencyTestUITests */ = {
			isa = PBXNativeTarget;
			buildConfigurationList = C3BB191820DA1F080004A3B4 /* Build configuration list for PBXNativeTarget "ProficiencyTestUITests" */;
			buildPhases = (
				FE5790D34EE4FB89E3DE73A4 /* [CP] Check Pods Manifest.lock */,
				C3BB190520DA1F080004A3B4 /* Sources */,
				C3BB190620DA1F080004A3B4 /* Frameworks */,
				C3BB190720DA1F080004A3B4 /* Resources */,
			);
			buildRules = (
			);
			dependencies = (
				C3BB190B20DA1F080004A3B4 /* PBXTargetDependency */,
			);
			name = ProficiencyTestUITests;
			productName = ProficiencyTestUITests;
			productReference = C3BB190920DA1F080004A3B4 /* ProficiencyTestUITests.xctest */;
			productType = "com.apple.product-type.bundle.ui-testing";
		};
/* End PBXNativeTarget section */

/* Begin PBXProject section */
		C3BB18E220DA1F080004A3B4 /* Project object */ = {
			isa = PBXProject;
			attributes = {
				LastSwiftUpdateCheck = 0920;
				LastUpgradeCheck = 0920;
				ORGANIZATIONNAME = "Infosys Ltd.";
				TargetAttributes = {
					C3BB18E920DA1F080004A3B4 = {
						CreatedOnToolsVersion = 9.2;
						ProvisioningStyle = Automatic;
					};
					C3BB18FD20DA1F080004A3B4 = {
						CreatedOnToolsVersion = 9.2;
						ProvisioningStyle = Automatic;
						TestTargetID = C3BB18E920DA1F080004A3B4;
					};
					C3BB190820DA1F080004A3B4 = {
						CreatedOnToolsVersion = 9.2;
						ProvisioningStyle = Automatic;
						TestTargetID = C3BB18E920DA1F080004A3B4;
					};
				};
			};
			buildConfigurationList = C3BB18E520DA1F080004A3B4 /* Build configuration list for PBXProject "ProficiencyTest" */;
			compatibilityVersion = "Xcode 8.0";
			developmentRegion = en;
			hasScannedForEncodings = 0;
			knownRegions = (
				en,
				Base,
			);
			mainGroup = C3BB18E120DA1F080004A3B4;
			productRefGroup = C3BB18EB20DA1F080004A3B4 /* Products */;
			projectDirPath = "";
			projectRoot = "";
			targets = (
				C3BB18E920DA1F080004A3B4 /* ProficiencyTest */,
				C3BB18FD20DA1F080004A3B4 /* ProficiencyTestTests */,
				C3BB190820DA1F080004A3B4 /* ProficiencyTestUITests */,
			);
		};
/* End PBXProject section */

/* Begin PBXResourcesBuildPhase section */
		C3BB18E820DA1F080004A3B4 /* Resources */ = {
			isa = PBXResourcesBuildPhase;
			buildActionMask = 2147483647;
			files = (
				C3BB18F520DA1F080004A3B4 /* Assets.xcassets in Resources */,
			);
			runOnlyForDeploymentPostprocessing = 0;
		};
		C3BB18FC20DA1F080004A3B4 /* Resources */ = {
			isa = PBXResourcesBuildPhase;
			buildActionMask = 2147483647;
			files = (
			);
			runOnlyForDeploymentPostprocessing = 0;
		};
		C3BB190720DA1F080004A3B4 /* Resources */ = {
			isa = PBXResourcesBuildPhase;
			buildActionMask = 2147483647;
			files = (
			);
			runOnlyForDeploymentPostprocessing = 0;
		};
/* End PBXResourcesBuildPhase section */

/* Begin PBXShellScriptBuildPhase section */
		21E9F24EE4F78A1EDC83A81E /* [CP] Check Pods Manifest.lock */ = {
			isa = PBXShellScriptBuildPhase;
			buildActionMask = 2147483647;
			files = (
			);
			inputPaths = (
				"${PODS_PODFILE_DIR_PATH}/Podfile.lock",
				"${PODS_ROOT}/Manifest.lock",
			);
			name = "[CP] Check Pods Manifest.lock";
			outputPaths = (
				"$(DERIVED_FILE_DIR)/Pods-ProficiencyTestTests-checkManifestLockResult.txt",
			);
			runOnlyForDeploymentPostprocessing = 0;
			shellPath = /bin/sh;
			shellScript = "diff \"${PODS_PODFILE_DIR_PATH}/Podfile.lock\" \"${PODS_ROOT}/Manifest.lock\" > /dev/null\nif [ $? != 0 ] ; then\n    # print error to STDERR\n    echo \"error: The sandbox is not in sync with the Podfile.lock. Run 'pod install' or update your CocoaPods installation.\" >&2\n    exit 1\nfi\n# This output is used by Xcode 'outputs' to avoid re-running this script phase.\necho \"SUCCESS\" > \"${SCRIPT_OUTPUT_FILE_0}\"\n";
			showEnvVarsInLog = 0;
		};
		2EF5965E61305FABD7177FEA /* [CP] Embed Pods Frameworks */ = {
			isa = PBXShellScriptBuildPhase;
			buildActionMask = 2147483647;
			files = (
			);
			inputPaths = (
				"${SRCROOT}/Pods/Target Support Files/Pods-ProficiencyTest/Pods-ProficiencyTest-frameworks.sh",
				"${BUILT_PRODUCTS_DIR}/SDWebImage/SDWebImage.framework",
			);
			name = "[CP] Embed Pods Frameworks";
			outputPaths = (
				"${TARGET_BUILD_DIR}/${FRAMEWORKS_FOLDER_PATH}/SDWebImage.framework",
			);
			runOnlyForDeploymentPostprocessing = 0;
			shellPath = /bin/sh;
			shellScript = "\"${SRCROOT}/Pods/Target Support Files/Pods-ProficiencyTest/Pods-ProficiencyTest-frameworks.sh\"\n";
			showEnvVarsInLog = 0;
		};
		FBD1FAB07D2DCB30023934E0 /* [CP] Check Pods Manifest.lock */ = {
			isa = PBXShellScriptBuildPhase;
			buildActionMask = 2147483647;
			files = (
			);
			inputPaths = (
				"${PODS_PODFILE_DIR_PATH}/Podfile.lock",
				"${PODS_ROOT}/Manifest.lock",
			);
			name = "[CP] Check Pods Manifest.lock";
			outputPaths = (
				"$(DERIVED_FILE_DIR)/Pods-ProficiencyTest-checkManifestLockResult.txt",
			);
			runOnlyForDeploymentPostprocessing = 0;
			shellPath = /bin/sh;
			shellScript = "diff \"${PODS_PODFILE_DIR_PATH}/Podfile.lock\" \"${PODS_ROOT}/Manifest.lock\" > /dev/null\nif [ $? != 0 ] ; then\n    # print error to STDERR\n    echo \"error: The sandbox is not in sync with the Podfile.lock. Run 'pod install' or update your CocoaPods installation.\" >&2\n    exit 1\nfi\n# This output is used by Xcode 'outputs' to avoid re-running this script phase.\necho \"SUCCESS\" > \"${SCRIPT_OUTPUT_FILE_0}\"\n";
			showEnvVarsInLog = 0;
		};
		FE5790D34EE4FB89E3DE73A4 /* [CP] Check Pods Manifest.lock */ = {
			isa = PBXShellScriptBuildPhase;
			buildActionMask = 2147483647;
			files = (
			);
			inputPaths = (
				"${PODS_PODFILE_DIR_PATH}/Podfile.lock",
				"${PODS_ROOT}/Manifest.lock",
			);
			name = "[CP] Check Pods Manifest.lock";
			outputPaths = (
				"$(DERIVED_FILE_DIR)/Pods-ProficiencyTestUITests-checkManifestLockResult.txt",
			);
			runOnlyForDeploymentPostprocessing = 0;
			shellPath = /bin/sh;
			shellScript = "diff \"${PODS_PODFILE_DIR_PATH}/Podfile.lock\" \"${PODS_ROOT}/Manifest.lock\" > /dev/null\nif [ $? != 0 ] ; then\n    # print error to STDERR\n    echo \"error: The sandbox is not in sync with the Podfile.lock. Run 'pod install' or update your CocoaPods installation.\" >&2\n    exit 1\nfi\n# This output is used by Xcode 'outputs' to avoid re-running this script phase.\necho \"SUCCESS\" > \"${SCRIPT_OUTPUT_FILE_0}\"\n";
			showEnvVarsInLog = 0;
		};
/* End PBXShellScriptBuildPhase section */

/* Begin PBXSourcesBuildPhase section */
		C3BB18E620DA1F080004A3B4 /* Sources */ = {
			isa = PBXSourcesBuildPhase;
			buildActionMask = 2147483647;
			files = (
				C3BB192720DA32770004A3B4 /* NetworkManager.swift in Sources */,
				C3BB192520DA32610004A3B4 /* Utility.swift in Sources */,
				C3BB18F020DA1F080004A3B4 /* CountryFactsViewController.swift in Sources */,
				C3BB192120DA2B940004A3B4 /* Fact.swift in Sources */,
				C3BB18EE20DA1F080004A3B4 /* AppDelegate.swift in Sources */,
				C3BB192920DA329E0004A3B4 /* CountryFacts.swift in Sources */,
				C3BB192320DA324F0004A3B4 /* Constants.swift in Sources */,
			);
			runOnlyForDeploymentPostprocessing = 0;
		};
		C3BB18FA20DA1F080004A3B4 /* Sources */ = {
			isa = PBXSourcesBuildPhase;
			buildActionMask = 2147483647;
			files = (
				C3BB190320DA1F080004A3B4 /* ProficiencyTestTests.swift in Sources */,
			);
			runOnlyForDeploymentPostprocessing = 0;
		};
		C3BB190520DA1F080004A3B4 /* Sources */ = {
			isa = PBXSourcesBuildPhase;
			buildActionMask = 2147483647;
			files = (
				C3BB190E20DA1F080004A3B4 /* ProficiencyTestUITests.swift in Sources */,
			);
			runOnlyForDeploymentPostprocessing = 0;
		};
/* End PBXSourcesBuildPhase section */

/* Begin PBXTargetDependency section */
		C3BB190020DA1F080004A3B4 /* PBXTargetDependency */ = {
			isa = PBXTargetDependency;
			target = C3BB18E920DA1F080004A3B4 /* ProficiencyTest */;
			targetProxy = C3BB18FF20DA1F080004A3B4 /* PBXContainerItemProxy */;
		};
		C3BB190B20DA1F080004A3B4 /* PBXTargetDependency */ = {
			isa = PBXTargetDependency;
			target = C3BB18E920DA1F080004A3B4 /* ProficiencyTest */;
			targetProxy = C3BB190A20DA1F080004A3B4 /* PBXContainerItemProxy */;
		};
/* End PBXTargetDependency section */

/* Begin XCBuildConfiguration section */
		C3BB191020DA1F080004A3B4 /* Debug */ = {
			isa = XCBuildConfiguration;
			buildSettings = {
				ALWAYS_SEARCH_USER_PATHS = NO;
				CLANG_ANALYZER_NONNULL = YES;
				CLANG_ANALYZER_NUMBER_OBJECT_CONVERSION = YES_AGGRESSIVE;
				CLANG_CXX_LANGUAGE_STANDARD = "gnu++14";
				CLANG_CXX_LIBRARY = "libc++";
				CLANG_ENABLE_MODULES = YES;
				CLANG_ENABLE_OBJC_ARC = YES;
				CLANG_WARN_BLOCK_CAPTURE_AUTORELEASING = YES;
				CLANG_WARN_BOOL_CONVERSION = YES;
				CLANG_WARN_COMMA = YES;
				CLANG_WARN_CONSTANT_CONVERSION = YES;
				CLANG_WARN_DIRECT_OBJC_ISA_USAGE = YES_ERROR;
				CLANG_WARN_DOCUMENTATION_COMMENTS = YES;
				CLANG_WARN_EMPTY_BODY = YES;
				CLANG_WARN_ENUM_CONVERSION = YES;
				CLANG_WARN_INFINITE_RECURSION = YES;
				CLANG_WARN_INT_CONVERSION = YES;
				CLANG_WARN_NON_LITERAL_NULL_CONVERSION = YES;
				CLANG_WARN_OBJC_LITERAL_CONVERSION = YES;
				CLANG_WARN_OBJC_ROOT_CLASS = YES_ERROR;
				CLANG_WARN_RANGE_LOOP_ANALYSIS = YES;
				CLANG_WARN_STRICT_PROTOTYPES = YES;
				CLANG_WARN_SUSPICIOUS_MOVE = YES;
				CLANG_WARN_UNGUARDED_AVAILABILITY = YES_AGGRESSIVE;
				CLANG_WARN_UNREACHABLE_CODE = YES;
				CLANG_WARN__DUPLICATE_METHOD_MATCH = YES;
				CODE_SIGN_IDENTITY = "iPhone Developer";
				COPY_PHASE_STRIP = NO;
				DEBUG_INFORMATION_FORMAT = dwarf;
				ENABLE_STRICT_OBJC_MSGSEND = YES;
				ENABLE_TESTABILITY = YES;
				GCC_C_LANGUAGE_STANDARD = gnu11;
				GCC_DYNAMIC_NO_PIC = NO;
				GCC_NO_COMMON_BLOCKS = YES;
				GCC_OPTIMIZATION_LEVEL = 0;
				GCC_PREPROCESSOR_DEFINITIONS = (
					"DEBUG=1",
					"$(inherited)",
				);
				GCC_WARN_64_TO_32_BIT_CONVERSION = YES;
				GCC_WARN_ABOUT_RETURN_TYPE = YES_ERROR;
				GCC_WARN_UNDECLARED_SELECTOR = YES;
				GCC_WARN_UNINITIALIZED_AUTOS = YES_AGGRESSIVE;
				GCC_WARN_UNUSED_FUNCTION = YES;
				GCC_WARN_UNUSED_VARIABLE = YES;
				IPHONEOS_DEPLOYMENT_TARGET = 11.2;
				MTL_ENABLE_DEBUG_INFO = YES;
				ONLY_ACTIVE_ARCH = YES;
				SDKROOT = iphoneos;
				SWIFT_ACTIVE_COMPILATION_CONDITIONS = DEBUG;
				SWIFT_OPTIMIZATION_LEVEL = "-Onone";
			};
			name = Debug;
		};
		C3BB191120DA1F080004A3B4 /* Release */ = {
			isa = XCBuildConfiguration;
			buildSettings = {
				ALWAYS_SEARCH_USER_PATHS = NO;
				CLANG_ANALYZER_NONNULL = YES;
				CLANG_ANALYZER_NUMBER_OBJECT_CONVERSION = YES_AGGRESSIVE;
				CLANG_CXX_LANGUAGE_STANDARD = "gnu++14";
				CLANG_CXX_LIBRARY = "libc++";
				CLANG_ENABLE_MODULES = YES;
				CLANG_ENABLE_OBJC_ARC = YES;
				CLANG_WARN_BLOCK_CAPTURE_AUTORELEASING = YES;
				CLANG_WARN_BOOL_CONVERSION = YES;
				CLANG_WARN_COMMA = YES;
				CLANG_WARN_CONSTANT_CONVERSION = YES;
				CLANG_WARN_DIRECT_OBJC_ISA_USAGE = YES_ERROR;
				CLANG_WARN_DOCUMENTATION_COMMENTS = YES;
				CLANG_WARN_EMPTY_BODY = YES;
				CLANG_WARN_ENUM_CONVERSION = YES;
				CLANG_WARN_INFINITE_RECURSION = YES;
				CLANG_WARN_INT_CONVERSION = YES;
				CLANG_WARN_NON_LITERAL_NULL_CONVERSION = YES;
				CLANG_WARN_OBJC_LITERAL_CONVERSION = YES;
				CLANG_WARN_OBJC_ROOT_CLASS = YES_ERROR;
				CLANG_WARN_RANGE_LOOP_ANALYSIS = YES;
				CLANG_WARN_STRICT_PROTOTYPES = YES;
				CLANG_WARN_SUSPICIOUS_MOVE = YES;
				CLANG_WARN_UNGUARDED_AVAILABILITY = YES_AGGRESSIVE;
				CLANG_WARN_UNREACHABLE_CODE = YES;
				CLANG_WARN__DUPLICATE_METHOD_MATCH = YES;
				CODE_SIGN_IDENTITY = "iPhone Developer";
				COPY_PHASE_STRIP = NO;
				DEBUG_INFORMATION_FORMAT = "dwarf-with-dsym";
				ENABLE_NS_ASSERTIONS = NO;
				ENABLE_STRICT_OBJC_MSGSEND = YES;
				GCC_C_LANGUAGE_STANDARD = gnu11;
				GCC_NO_COMMON_BLOCKS = YES;
				GCC_WARN_64_TO_32_BIT_CONVERSION = YES;
				GCC_WARN_ABOUT_RETURN_TYPE = YES_ERROR;
				GCC_WARN_UNDECLARED_SELECTOR = YES;
				GCC_WARN_UNINITIALIZED_AUTOS = YES_AGGRESSIVE;
				GCC_WARN_UNUSED_FUNCTION = YES;
				GCC_WARN_UNUSED_VARIABLE = YES;
				IPHONEOS_DEPLOYMENT_TARGET = 11.2;
				MTL_ENABLE_DEBUG_INFO = NO;
				SDKROOT = iphoneos;
				SWIFT_OPTIMIZATION_LEVEL = "-Owholemodule";
				VALIDATE_PRODUCT = YES;
			};
			name = Release;
		};
		C3BB191320DA1F080004A3B4 /* Debug */ = {
			isa = XCBuildConfiguration;
			baseConfigurationReference = 2986AE464C16D3F2282B1CFC /* Pods-ProficiencyTest.debug.xcconfig */;
			buildSettings = {
				ASSETCATALOG_COMPILER_APPICON_NAME = AppIcon;
				CODE_SIGN_STYLE = Automatic;
				INFOPLIST_FILE = ProficiencyTest/Info.plist;
				LD_RUNPATH_SEARCH_PATHS = "$(inherited) @executable_path/Frameworks";
				PRODUCT_BUNDLE_IDENTIFIER = com.Infosys.ProficiencyTest;
				PRODUCT_NAME = "$(TARGET_NAME)";
				SWIFT_VERSION = 4.0;
				TARGETED_DEVICE_FAMILY = "1,2";
			};
			name = Debug;
		};
		C3BB191420DA1F080004A3B4 /* Release */ = {
			isa = XCBuildConfiguration;
			baseConfigurationReference = 3F02401689B2025927CAB60A /* Pods-ProficiencyTest.release.xcconfig */;
			buildSettings = {
				ASSETCATALOG_COMPILER_APPICON_NAME = AppIcon;
				CODE_SIGN_STYLE = Automatic;
				INFOPLIST_FILE = ProficiencyTest/Info.plist;
				LD_RUNPATH_SEARCH_PATHS = "$(inherited) @executable_path/Frameworks";
				PRODUCT_BUNDLE_IDENTIFIER = com.Infosys.ProficiencyTest;
				PRODUCT_NAME = "$(TARGET_NAME)";
				SWIFT_VERSION = 4.0;
				TARGETED_DEVICE_FAMILY = "1,2";
			};
			name = Release;
		};
		C3BB191620DA1F080004A3B4 /* Debug */ = {
			isa = XCBuildConfiguration;
			baseConfigurationReference = A31CB0630356F8A435C54EED /* Pods-ProficiencyTestTests.debug.xcconfig */;
			buildSettings = {
				ALWAYS_EMBED_SWIFT_STANDARD_LIBRARIES = YES;
				BUNDLE_LOADER = "$(TEST_HOST)";
				CODE_SIGN_STYLE = Automatic;
				INFOPLIST_FILE = ProficiencyTestTests/Info.plist;
				LD_RUNPATH_SEARCH_PATHS = "$(inherited) @executable_path/Frameworks @loader_path/Frameworks";
				PRODUCT_BUNDLE_IDENTIFIER = com.Infosys.ProficiencyTestTests;
				PRODUCT_NAME = "$(TARGET_NAME)";
				SWIFT_VERSION = 4.0;
				TARGETED_DEVICE_FAMILY = "1,2";
				TEST_HOST = "$(BUILT_PRODUCTS_DIR)/ProficiencyTest.app/ProficiencyTest";
			};
			name = Debug;
		};
		C3BB191720DA1F080004A3B4 /* Release */ = {
			isa = XCBuildConfiguration;
			baseConfigurationReference = 625BAE3254807A98407089A2 /* Pods-ProficiencyTestTests.release.xcconfig */;
			buildSettings = {
				ALWAYS_EMBED_SWIFT_STANDARD_LIBRARIES = YES;
				BUNDLE_LOADER = "$(TEST_HOST)";
				CODE_SIGN_STYLE = Automatic;
				INFOPLIST_FILE = ProficiencyTestTests/Info.plist;
				LD_RUNPATH_SEARCH_PATHS = "$(inherited) @executable_path/Frameworks @loader_path/Frameworks";
				PRODUCT_BUNDLE_IDENTIFIER = com.Infosys.ProficiencyTestTests;
				PRODUCT_NAME = "$(TARGET_NAME)";
				SWIFT_VERSION = 4.0;
				TARGETED_DEVICE_FAMILY = "1,2";
				TEST_HOST = "$(BUILT_PRODUCTS_DIR)/ProficiencyTest.app/ProficiencyTest";
			};
			name = Release;
		};
		C3BB191920DA1F080004A3B4 /* Debug */ = {
			isa = XCBuildConfiguration;
			baseConfigurationReference = 45D9BA5015F7B01D1527F149 /* Pods-ProficiencyTestUITests.debug.xcconfig */;
			buildSettings = {
				ALWAYS_EMBED_SWIFT_STANDARD_LIBRARIES = YES;
				CODE_SIGN_STYLE = Automatic;
				INFOPLIST_FILE = ProficiencyTestUITests/Info.plist;
				LD_RUNPATH_SEARCH_PATHS = "$(inherited) @executable_path/Frameworks @loader_path/Frameworks";
				PRODUCT_BUNDLE_IDENTIFIER = com.Infosys.ProficiencyTestUITests;
				PRODUCT_NAME = "$(TARGET_NAME)";
				SWIFT_VERSION = 4.0;
				TARGETED_DEVICE_FAMILY = "1,2";
				TEST_TARGET_NAME = ProficiencyTest;
			};
			name = Debug;
		};
		C3BB191A20DA1F080004A3B4 /* Release */ = {
			isa = XCBuildConfiguration;
			baseConfigurationReference = 75F1245AA4BE211A4825E65D /* Pods-ProficiencyTestUITests.release.xcconfig */;
			buildSettings = {
				ALWAYS_EMBED_SWIFT_STANDARD_LIBRARIES = YES;
				CODE_SIGN_STYLE = Automatic;
				INFOPLIST_FILE = ProficiencyTestUITests/Info.plist;
				LD_RUNPATH_SEARCH_PATHS = "$(inherited) @executable_path/Frameworks @loader_path/Frameworks";
				PRODUCT_BUNDLE_IDENTIFIER = com.Infosys.ProficiencyTestUITests;
				PRODUCT_NAME = "$(TARGET_NAME)";
				SWIFT_VERSION = 4.0;
				TARGETED_DEVICE_FAMILY = "1,2";
				TEST_TARGET_NAME = ProficiencyTest;
			};
			name = Release;
		};
/* End XCBuildConfiguration section */

/* Begin XCConfigurationList section */
		C3BB18E520DA1F080004A3B4 /* Build configuration list for PBXProject "ProficiencyTest" */ = {
			isa = XCConfigurationList;
			buildConfigurations = (
				C3BB191020DA1F080004A3B4 /* Debug */,
				C3BB191120DA1F080004A3B4 /* Release */,
			);
			defaultConfigurationIsVisible = 0;
			defaultConfigurationName = Release;
		};
		C3BB191220DA1F080004A3B4 /* Build configuration list for PBXNativeTarget "ProficiencyTest" */ = {
			isa = XCConfigurationList;
			buildConfigurations = (
				C3BB191320DA1F080004A3B4 /* Debug */,
				C3BB191420DA1F080004A3B4 /* Release */,
			);
			defaultConfigurationIsVisible = 0;
			defaultConfigurationName = Release;
		};
		C3BB191520DA1F080004A3B4 /* Build configuration list for PBXNativeTarget "ProficiencyTestTests" */ = {
			isa = XCConfigurationList;
			buildConfigurations = (
				C3BB191620DA1F080004A3B4 /* Debug */,
				C3BB191720DA1F080004A3B4 /* Release */,
			);
			defaultConfigurationIsVisible = 0;
			defaultConfigurationName = Release;
		};
		C3BB191820DA1F080004A3B4 /* Build configuration list for PBXNativeTarget "ProficiencyTestUITests" */ = {
			isa = XCConfigurationList;
			buildConfigurations = (
				C3BB191920DA1F080004A3B4 /* Debug */,
				C3BB191A20DA1F080004A3B4 /* Release */,
			);
			defaultConfigurationIsVisible = 0;
			defaultConfigurationName = Release;
		};
/* End XCConfigurationList section */
	};
	rootObject = C3BB18E220DA1F080004A3B4 /* Project object */;
}
